# This file was autogenerated by Stack.
# You should not edit this file by hand.
# For more information, please see the documentation at:
#   https://docs.haskellstack.org/en/stable/lock_files

packages:
- completed:
    cabal-file:
      size: 6368
      sha256: 4c6d5e1721fa2cf96251c31124f9b0c10002c81b107a9856e7b075583a48beb3
    name: github
    version: 0.16.0
    git: https://github.com/ruuda/github.git
    pantry-tree:
      size: 13405
      sha256: 04fb5c39aa05ea66699a0915e93b30009c7400f6720f6421f6eb7b0b08fc4b6f
    commit: 32098416c898656abc029c91dd22c91a602e6027
  original:
    git: https://github.com/ruuda/github.git
    commit: 32098416c898656abc029c91dd22c91a602e6027
snapshots:
- completed:
    size: 533451
    url: https://raw.githubusercontent.com/commercialhaskell/stackage-snapshots/master/lts/9/0.yaml
    sha256: 27f29b231b39ea68e967a7a4346b2693a49d77c50f41fc0c276e11189a538da7
  original: lts-9.0
