# This file was autogenerated by Stack.
# You should not edit this file by hand.
# For more information, please see the documentation at:
#   https://docs.haskellstack.org/en/stable/lock_files

packages:
- completed:
    cabal-file:
      size: 6955
      sha256: dffa9964449fee9aefdbef8d7c2c7b3aa560cf578f9fd2923ae48fc75dcf7090
    name: github
    version: '0.24'
    git: https://github.com/ruuda/github.git
    pantry-tree:
      size: 15769
      sha256: cc4a674fd3691b09a46bd923ba3118f8c5edf01b87c5f7657723ebffc313b7c5
    commit: 8bcd2a957bfc074fc537798524d8e6e3c27efdd6
  original:
    git: https://github.com/ruuda/github.git
    commit: 8bcd2a957bfc074fc537798524d8e6e3c27efdd6
- completed:
    hackage: binary-instances-1@sha256:b17565598b8df3241f9b46fa8e3a3368ecc8e3f2eb175d7c28f319042a6f5c79,2613
    pantry-tree:
      size: 1035
      sha256: 938ffc6990cac12681c657f7afa93737eecf335e6f0212d8c0b7c1ea3e0f40f4
  original:
    hackage: binary-instances-1@sha256:b17565598b8df3241f9b46fa8e3a3368ecc8e3f2eb175d7c28f319042a6f5c79,2613
snapshots:
- completed:
    size: 524162
    url: https://raw.githubusercontent.com/commercialhaskell/stackage-snapshots/master/lts/14/21.yaml
    sha256: 9a55dd75853718f2bbbe951872b36a3b7802fcd71796e0f25b8664f24e34c666
  original: lts-14.21
